
Microsoft Visual Studio Solution File, Format Version 12.00
# Visual Studio Version 16
VisualStudioVersion = 16.0.31515.178
MinimumVisualStudioVersion = 10.0.40219.1
Project("{2150E333-8FDC-42A3-9474-1A3956D46DE8}") = "Solution Items", "Solution Items", "{65A92C54-B67B-40E7-AC44-D80C5D3B2FB3}"
	ProjectSection(SolutionItems) = preProject
		.editorconfig = .editorconfig
	EndProjectSection
EndProject
Project("{9A19103F-16F7-4668-BE54-9A1E7A4F7556}") = "YeeLightPlugin", "YeeLightPlugin.csproj", "{6774955E-B714-4906-AD38-8B4C040EA3E7}"
EndProject
Global
	GlobalSection(SolutionConfigurationPlatforms) = preSolution
		Debug|Any CPU = Debug|Any CPU
		Release|Any CPU = Release|Any CPU
	EndGlobalSection
	GlobalSection(ProjectConfigurationPlatforms) = postSolution
		{6774955E-B714-4906-AD38-8B4C040EA3E7}.Debug|Any CPU.ActiveCfg = Debug|Any CPU
		{6774955E-B714-4906-AD38-8B4C040EA3E7}.Debug|Any CPU.Build.0 = Debug|Any CPU
		{6774955E-B714-4906-AD38-8B4C040EA3E7}.Release|Any CPU.ActiveCfg = Release|Any CPU
		{6774955E-B714-4906-AD38-8B4C040EA3E7}.Release|Any CPU.Build.0 = Release|Any CPU
	EndGlobalSection
	GlobalSection(SolutionProperties) = preSolution
		HideSolutionNode = FALSE
	EndGlobalSection
	GlobalSection(ExtensibilityGlobals) = postSolution
		SolutionGuid = {F51A8F72-2C1D-4318-BC0F-72CD712B1999}
	EndGlobalSection
EndGlobal
